
Microsoft Visual Studio Solution File, Format Version 12.00
# Visual Studio Version 16
VisualStudioVersion = 16.0.29613.14
MinimumVisualStudioVersion = 10.0.40219.1
Project("{FAE04EC0-301F-11D3-BF4B-00C04F79EFBC}") = "EjemploWebService", "EjemploWebService.csproj", "{E97F85C4-C13F-4194-91DF-D9E89286D755}"
EndProject
Global
	GlobalSection(SolutionConfigurationPlatforms) = preSolution
		Debug|Any CPU = Debug|Any CPU
		Release|Any CPU = Release|Any CPU
	EndGlobalSection
	GlobalSection(ProjectConfigurationPlatforms) = postSolution
		{E97F85C4-C13F-4194-91DF-D9E89286D755}.Debug|Any CPU.ActiveCfg = Debug|Any CPU
		{E97F85C4-C13F-4194-91DF-D9E89286D755}.Debug|Any CPU.Build.0 = Debug|Any CPU
		{E97F85C4-C13F-4194-91DF-D9E89286D755}.Release|Any CPU.ActiveCfg = Release|Any CPU
		{E97F85C4-C13F-4194-91DF-D9E89286D755}.Release|Any CPU.Build.0 = Release|Any CPU
	EndGlobalSection
	GlobalSection(SolutionProperties) = preSolution
		HideSolutionNode = FALSE
	EndGlobalSection
	GlobalSection(ExtensibilityGlobals) = postSolution
		SolutionGuid = {6A5AD511-9034-463C-AD04-EFF022E17956}
	EndGlobalSection
EndGlobal
